
Microsoft Visual Studio Solution File, Format Version 12.00
# Visual Studio Version 17
VisualStudioVersion = 17.4.33213.308
MinimumVisualStudioVersion = 10.0.40219.1
Project("{9A19103F-16F7-4668-BE54-9A1E7A4F7556}") = "GenericAPI.Domain", "GenericAPI.Domain\GenericAPI.Domain.csproj", "{49A78CFF-810B-4441-B5F3-30913586DDA8}"
EndProject
Project("{9A19103F-16F7-4668-BE54-9A1E7A4F7556}") = "GenericAPI.Services", "GenericAPI.Services\GenericAPI.Services.csproj", "{67759CE3-349E-4B40-A8E6-D61E1ADE7376}"
EndProject
Project("{9A19103F-16F7-4668-BE54-9A1E7A4F7556}") = "GenericAPI.Repository", "GenericAPI.Repository\GenericAPI.Repository.csproj", "{C10D0745-3DB6-451C-9729-3B8E544914BF}"
EndProject
Project("{FAE04EC0-301F-11D3-BF4B-00C04F79EFBC}") = "GenericAPI.WEB", "GenericAPI.WEB\GenericAPI.WEB.csproj", "{4B17913E-4A32-47AC-8EB2-0187EA0755AB}"
EndProject
Global
	GlobalSection(SolutionConfigurationPlatforms) = preSolution
		Debug|Any CPU = Debug|Any CPU
		Release|Any CPU = Release|Any CPU
	EndGlobalSection
	GlobalSection(ProjectConfigurationPlatforms) = postSolution
		{49A78CFF-810B-4441-B5F3-30913586DDA8}.Debug|Any CPU.ActiveCfg = Debug|Any CPU
		{49A78CFF-810B-4441-B5F3-30913586DDA8}.Debug|Any CPU.Build.0 = Debug|Any CPU
		{49A78CFF-810B-4441-B5F3-30913586DDA8}.Release|Any CPU.ActiveCfg = Release|Any CPU
		{49A78CFF-810B-4441-B5F3-30913586DDA8}.Release|Any CPU.Build.0 = Release|Any CPU
		{67759CE3-349E-4B40-A8E6-D61E1ADE7376}.Debug|Any CPU.ActiveCfg = Debug|Any CPU
		{67759CE3-349E-4B40-A8E6-D61E1ADE7376}.Debug|Any CPU.Build.0 = Debug|Any CPU
		{67759CE3-349E-4B40-A8E6-D61E1ADE7376}.Release|Any CPU.ActiveCfg = Release|Any CPU
		{67759CE3-349E-4B40-A8E6-D61E1ADE7376}.Release|Any CPU.Build.0 = Release|Any CPU
		{C10D0745-3DB6-451C-9729-3B8E544914BF}.Debug|Any CPU.ActiveCfg = Debug|Any CPU
		{C10D0745-3DB6-451C-9729-3B8E544914BF}.Debug|Any CPU.Build.0 = Debug|Any CPU
		{C10D0745-3DB6-451C-9729-3B8E544914BF}.Release|Any CPU.ActiveCfg = Release|Any CPU
		{C10D0745-3DB6-451C-9729-3B8E544914BF}.Release|Any CPU.Build.0 = Release|Any CPU
		{4B17913E-4A32-47AC-8EB2-0187EA0755AB}.Debug|Any CPU.ActiveCfg = Debug|Any CPU
		{4B17913E-4A32-47AC-8EB2-0187EA0755AB}.Debug|Any CPU.Build.0 = Debug|Any CPU
		{4B17913E-4A32-47AC-8EB2-0187EA0755AB}.Release|Any CPU.ActiveCfg = Release|Any CPU
		{4B17913E-4A32-47AC-8EB2-0187EA0755AB}.Release|Any CPU.Build.0 = Release|Any CPU
	EndGlobalSection
	GlobalSection(SolutionProperties) = preSolution
		HideSolutionNode = FALSE
	EndGlobalSection
	GlobalSection(ExtensibilityGlobals) = postSolution
		SolutionGuid = {56E69DAB-74CE-4AA7-AB1C-9B320582D036}
	EndGlobalSection
EndGlobal
